
Microsoft Visual Studio Solution File, Format Version 12.00
# Visual Studio Version 16
VisualStudioVersion = 16.0.30104.148
MinimumVisualStudioVersion = 10.0.40219.1
Project("{9A19103F-16F7-4668-BE54-9A1E7A4F7556}") = "YouTube Stream API", "YouTube Stream API\YouTube Stream API.csproj", "{D1A1E43F-677A-46AA-A5B8-C95B53E6BBAD}"
EndProject
Project("{E53339B2-1760-4266-BCC7-CA923CBCF16C}") = "docker-compose", "docker-compose.dcproj", "{1D8EEB88-BCDF-4AD8-B44B-1C5F9D669579}"
EndProject
Global
	GlobalSection(SolutionConfigurationPlatforms) = preSolution
		Debug|Any CPU = Debug|Any CPU
		Release|Any CPU = Release|Any CPU
	EndGlobalSection
	GlobalSection(ProjectConfigurationPlatforms) = postSolution
		{D1A1E43F-677A-46AA-A5B8-C95B53E6BBAD}.Debug|Any CPU.ActiveCfg = Debug|Any CPU
		{D1A1E43F-677A-46AA-A5B8-C95B53E6BBAD}.Debug|Any CPU.Build.0 = Debug|Any CPU
		{D1A1E43F-677A-46AA-A5B8-C95B53E6BBAD}.Release|Any CPU.ActiveCfg = Release|Any CPU
		{D1A1E43F-677A-46AA-A5B8-C95B53E6BBAD}.Release|Any CPU.Build.0 = Release|Any CPU
		{1D8EEB88-BCDF-4AD8-B44B-1C5F9D669579}.Debug|Any CPU.ActiveCfg = Debug|Any CPU
		{1D8EEB88-BCDF-4AD8-B44B-1C5F9D669579}.Debug|Any CPU.Build.0 = Debug|Any CPU
		{1D8EEB88-BCDF-4AD8-B44B-1C5F9D669579}.Release|Any CPU.ActiveCfg = Release|Any CPU
		{1D8EEB88-BCDF-4AD8-B44B-1C5F9D669579}.Release|Any CPU.Build.0 = Release|Any CPU
	EndGlobalSection
	GlobalSection(SolutionProperties) = preSolution
		HideSolutionNode = FALSE
	EndGlobalSection
	GlobalSection(ExtensibilityGlobals) = postSolution
		SolutionGuid = {A3C10550-6F59-41A0-ACED-DBC6B11C95EB}
	EndGlobalSection
EndGlobal
